
Microsoft Visual Studio Solution File, Format Version 12.00
# Visual Studio Version 16
VisualStudioVersion = 16.0.29209.62
MinimumVisualStudioVersion = 10.0.40219.1
Project("{9A19103F-16F7-4668-BE54-9A1E7A4F7556}") = "cloudabis-sdk", "cloudabis-sdk.csproj", "{2A11E987-7D7B-4368-A390-AD29A1928697}"
EndProject
Project("{9A19103F-16F7-4668-BE54-9A1E7A4F7556}") = "cloudbis-sdk-console-app", "..\CloudABIS-sdk-console-app\cloudbis-sdk-console-app.csproj", "{AB3330E4-017D-484F-A597-2B7694CE6195}"
EndProject
Global
	GlobalSection(SolutionConfigurationPlatforms) = preSolution
		Debug|Any CPU = Debug|Any CPU
		Release|Any CPU = Release|Any CPU
	EndGlobalSection
	GlobalSection(ProjectConfigurationPlatforms) = postSolution
		{2A11E987-7D7B-4368-A390-AD29A1928697}.Debug|Any CPU.ActiveCfg = Debug|Any CPU
		{2A11E987-7D7B-4368-A390-AD29A1928697}.Release|Any CPU.ActiveCfg = Release|Any CPU
		{AB3330E4-017D-484F-A597-2B7694CE6195}.Debug|Any CPU.ActiveCfg = Debug|Any CPU
		{AB3330E4-017D-484F-A597-2B7694CE6195}.Debug|Any CPU.Build.0 = Debug|Any CPU
		{AB3330E4-017D-484F-A597-2B7694CE6195}.Release|Any CPU.ActiveCfg = Release|Any CPU
		{AB3330E4-017D-484F-A597-2B7694CE6195}.Release|Any CPU.Build.0 = Release|Any CPU
	EndGlobalSection
	GlobalSection(SolutionProperties) = preSolution
		HideSolutionNode = FALSE
	EndGlobalSection
	GlobalSection(ExtensibilityGlobals) = postSolution
		SolutionGuid = {F81E74D0-B1B6-4448-A085-2189E113F9AF}
	EndGlobalSection
EndGlobal
